
Microsoft Visual Studio Solution File, Format Version 12.00
# Visual Studio Version 16
VisualStudioVersion = 16.0.28803.202
MinimumVisualStudioVersion = 10.0.40219.1
Project("{FAE04EC0-301F-11D3-BF4B-00C04F79EFBC}") = "Paint", "Paint\Paint.csproj", "{A9FA2648-9DFE-45F0-8CEC-AD82F135D6A0}"
EndProject
Global
	GlobalSection(SolutionConfigurationPlatforms) = preSolution
		Debug|Any CPU = Debug|Any CPU
		Release|Any CPU = Release|Any CPU
	EndGlobalSection
	GlobalSection(ProjectConfigurationPlatforms) = postSolution
		{A9FA2648-9DFE-45F0-8CEC-AD82F135D6A0}.Debug|Any CPU.ActiveCfg = Debug|Any CPU
		{A9FA2648-9DFE-45F0-8CEC-AD82F135D6A0}.Debug|Any CPU.Build.0 = Debug|Any CPU
		{A9FA2648-9DFE-45F0-8CEC-AD82F135D6A0}.Release|Any CPU.ActiveCfg = Release|Any CPU
		{A9FA2648-9DFE-45F0-8CEC-AD82F135D6A0}.Release|Any CPU.Build.0 = Release|Any CPU
	EndGlobalSection
	GlobalSection(SolutionProperties) = preSolution
		HideSolutionNode = FALSE
	EndGlobalSection
	GlobalSection(ExtensibilityGlobals) = postSolution
		SolutionGuid = {F7B3A758-77EE-43FA-BF3D-2EEC0B95CA10}
	EndGlobalSection
EndGlobal
